// !$*UTF8*$!
{
	archiveVersion = 1;
	classes = {
	};
	objectVersion = 55;
	objects = {

/* Begin PBXBuildFile section */
		1120A38F1C3DD7E7DF5E64F0 /* Pods_GPTBoard.framework in Frameworks */ = {isa = PBXBuildFile; fileRef = 31EB5495B4B8DC01B242C7ED /* Pods_GPTBoard.framework */; };
		820CA984ACF69B2576E6F43F /* Pods_GPTBoardTests.framework in Frameworks */ = {isa = PBXBuildFile; fileRef = EFFADC88CC3C5FE59F91D06D /* Pods_GPTBoardTests.framework */; };
		CE4D1D6729E69D7B00DF135A /* CustomInputView.swift in Sources */ = {isa = PBXBuildFile; fileRef = CE4D1D6629E69D7B00DF135A /* CustomInputView.swift */; };
		CE4D1D6F29E6A3FD00DF135A /* CustomInputAccessoryView.swift in Sources */ = {isa = PBXBuildFile; fileRef = CE4D1D6E29E6A3FD00DF135A /* CustomInputAccessoryView.swift */; };
		CE4D1D7129E9368B00DF135A /* ChatGPTHandler.swift in Sources */ = {isa = PBXBuildFile; fileRef = CE4D1D7029E9368B00DF135A /* ChatGPTHandler.swift */; };
		CE4D1D7329E936CF00DF135A /* ViewController.swift in Sources */ = {isa = PBXBuildFile; fileRef = CE4D1D7229E936CF00DF135A /* ViewController.swift */; };
		CE4D1D7529E936EC00DF135A /* APIManager.swift in Sources */ = {isa = PBXBuildFile; fileRef = CE4D1D7429E936EC00DF135A /* APIManager.swift */; };
		CE4D1D7629E9384600DF135A /* ChatGPTHandler.swift in Sources */ = {isa = PBXBuildFile; fileRef = CE4D1D7029E9368B00DF135A /* ChatGPTHandler.swift */; };
		CEA4FA2929E534FA008E86EA /* GPTBoardApp.swift in Sources */ = {isa = PBXBuildFile; fileRef = CEA4FA2829E534FA008E86EA /* GPTBoardApp.swift */; };
		CEA4FA2B29E534FA008E86EA /* ContentView.swift in Sources */ = {isa = PBXBuildFile; fileRef = CEA4FA2A29E534FA008E86EA /* ContentView.swift */; };
		CEA4FA2D29E534FD008E86EA /* Assets.xcassets in Resources */ = {isa = PBXBuildFile; fileRef = CEA4FA2C29E534FD008E86EA /* Assets.xcassets */; };
		CEA4FA3029E534FD008E86EA /* Preview Assets.xcassets in Resources */ = {isa = PBXBuildFile; fileRef = CEA4FA2F29E534FD008E86EA /* Preview Assets.xcassets */; };
		CEA4FA3A29E534FD008E86EA /* GPTBoardTests.swift in Sources */ = {isa = PBXBuildFile; fileRef = CEA4FA3929E534FD008E86EA /* GPTBoardTests.swift */; };
		CEA4FA4429E534FE008E86EA /* GPTBoardUITests.swift in Sources */ = {isa = PBXBuildFile; fileRef = CEA4FA4329E534FE008E86EA /* GPTBoardUITests.swift */; };
		CEA4FA4629E534FE008E86EA /* GPTBoardUITestsLaunchTests.swift in Sources */ = {isa = PBXBuildFile; fileRef = CEA4FA4529E534FE008E86EA /* GPTBoardUITestsLaunchTests.swift */; };
		CEA4FA5929E53553008E86EA /* KeyboardViewController.swift in Sources */ = {isa = PBXBuildFile; fileRef = CEA4FA5829E53553008E86EA /* KeyboardViewController.swift */; };
		CEA4FA5D29E53553008E86EA /* CustomKeyboard.appex in Embed Foundation Extensions */ = {isa = PBXBuildFile; fileRef = CEA4FA5629E53552008E86EA /* CustomKeyboard.appex */; settings = {ATTRIBUTES = (RemoveHeadersOnCopy, ); }; };
		CEA4FA6529E535D4008E86EA /* BackgroundTaskManager.swift in Sources */ = {isa = PBXBuildFile; fileRef = CEA4FA6429E535D4008E86EA /* BackgroundTaskManager.swift */; };
		CEA4FA6929E53621008E86EA /* SceneDelegate.swift in Sources */ = {isa = PBXBuildFile; fileRef = CEA4FA6829E53621008E86EA /* SceneDelegate.swift */; };
		D9A5B748A7CEFAF537BEA182 /* Pods_CustomKeyboard.framework in Frameworks */ = {isa = PBXBuildFile; fileRef = 89C6AFCDAB7420B33810D2DB /* Pods_CustomKeyboard.framework */; };
		EF9D3ABC99714E17767F42E5 /* Pods_GPTBoard_GPTBoardUITests.framework in Frameworks */ = {isa = PBXBuildFile; fileRef = 0FF98E28E7A881CEDBEFD58A /* Pods_GPTBoard_GPTBoardUITests.framework */; };
/* End PBXBuildFile section */

/* Begin PBXContainerItemProxy section */
		CEA4FA3629E534FD008E86EA /* PBXContainerItemProxy */ = {
			isa = PBXContainerItemProxy;
			containerPortal = CEA4FA1D29E534FA008E86EA /* Project object */;
			proxyType = 1;
			remoteGlobalIDString = CEA4FA2429E534FA008E86EA;
			remoteInfo = GPTBoard;
		};
		CEA4FA4029E534FE008E86EA /* PBXContainerItemProxy */ = {
			isa = PBXContainerItemProxy;
			containerPortal = CEA4FA1D29E534FA008E86EA /* Project object */;
			proxyType = 1;
			remoteGlobalIDString = CEA4FA2429E534FA008E86EA;
			remoteInfo = GPTBoard;
		};
		CEA4FA5B29E53553008E86EA /* PBXContainerItemProxy */ = {
			isa = PBXContainerItemProxy;
			containerPortal = CEA4FA1D29E534FA008E86EA /* Project object */;
			proxyType = 1;
			remoteGlobalIDString = CEA4FA5529E53552008E86EA;
			remoteInfo = CustomKeyboard;
		};
/* End PBXContainerItemProxy section */

/* Begin PBXCopyFilesBuildPhase section */
		CEA4FA6129E53554008E86EA /* Embed Foundation Extensions */ = {
			isa = PBXCopyFilesBuildPhase;
			buildActionMask = 2147483647;
			dstPath = "";
			dstSubfolderSpec = 13;
			files = (
				CEA4FA5D29E53553008E86EA /* CustomKeyboard.appex in Embed Foundation Extensions */,
			);
			name = "Embed Foundation Extensions";
			runOnlyForDeploymentPostprocessing = 0;
		};
/* End PBXCopyFilesBuildPhase section */

/* Begin PBXFileReference section */
		061831172BB3C5B23912E3E1 /* Pods-GPTBoardTests.release.xcconfig */ = {isa = PBXFileReference; includeInIndex = 1; lastKnownFileType = text.xcconfig; name = "Pods-GPTBoardTests.release.xcconfig"; path = "Target Support Files/Pods-GPTBoardTests/Pods-GPTBoardTests.release.xcconfig"; sourceTree = "<group>"; };
		0646C54A0F817651153E2190 /* Pods-GPTBoardTests.debug.xcconfig */ = {isa = PBXFileReference; includeInIndex = 1; lastKnownFileType = text.xcconfig; name = "Pods-GPTBoardTests.debug.xcconfig"; path = "Target Support Files/Pods-GPTBoardTests/Pods-GPTBoardTests.debug.xcconfig"; sourceTree = "<group>"; };
		0FF98E28E7A881CEDBEFD58A /* Pods_GPTBoard_GPTBoardUITests.framework */ = {isa = PBXFileReference; explicitFileType = wrapper.framework; includeInIndex = 0; path = Pods_GPTBoard_GPTBoardUITests.framework; sourceTree = BUILT_PRODUCTS_DIR; };
		31EB5495B4B8DC01B242C7ED /* Pods_GPTBoard.framework */ = {isa = PBXFileReference; explicitFileType = wrapper.framework; includeInIndex = 0; path = Pods_GPTBoard.framework; sourceTree = BUILT_PRODUCTS_DIR; };
		5B33EB64DECE759F380F0F3D /* Pods-GPTBoard-GPTBoardUITests.release.xcconfig */ = {isa = PBXFileReference; includeInIndex = 1; lastKnownFileType = text.xcconfig; name = "Pods-GPTBoard-GPTBoardUITests.release.xcconfig"; path = "Target Support Files/Pods-GPTBoard-GPTBoardUITests/Pods-GPTBoard-GPTBoardUITests.release.xcconfig"; sourceTree = "<group>"; };
		6BC8405C7F4EBC4E91C947EA /* Pods-CustomKeyboard.release.xcconfig */ = {isa = PBXFileReference; includeInIndex = 1; lastKnownFileType = text.xcconfig; name = "Pods-CustomKeyboard.release.xcconfig"; path = "Target Support Files/Pods-CustomKeyboard/Pods-CustomKeyboard.release.xcconfig"; sourceTree = "<group>"; };
		865F5FA99FC79786FCEC6B78 /* Pods-GPTBoard.release.xcconfig */ = {isa = PBXFileReference; includeInIndex = 1; lastKnownFileType = text.xcconfig; name = "Pods-GPTBoard.release.xcconfig"; path = "Target Support Files/Pods-GPTBoard/Pods-GPTBoard.release.xcconfig"; sourceTree = "<group>"; };
		89C6AFCDAB7420B33810D2DB /* Pods_CustomKeyboard.framework */ = {isa = PBXFileReference; explicitFileType = wrapper.framework; includeInIndex = 0; path = Pods_CustomKeyboard.framework; sourceTree = BUILT_PRODUCTS_DIR; };
		9F789E5DEF9271FBC20A6B79 /* Pods-GPTBoard.debug.xcconfig */ = {isa = PBXFileReference; includeInIndex = 1; lastKnownFileType = text.xcconfig; name = "Pods-GPTBoard.debug.xcconfig"; path = "Target Support Files/Pods-GPTBoard/Pods-GPTBoard.debug.xcconfig"; sourceTree = "<group>"; };
		B03D9586F6E1E3BDFFA05599 /* Pods-GPTBoard-GPTBoardUITests.debug.xcconfig */ = {isa = PBXFileReference; includeInIndex = 1; lastKnownFileType = text.xcconfig; name = "Pods-GPTBoard-GPTBoardUITests.debug.xcconfig"; path = "Target Support Files/Pods-GPTBoard-GPTBoardUITests/Pods-GPTBoard-GPTBoardUITests.debug.xcconfig"; sourceTree = "<group>"; };
		CAFE10BB33BD54C4030D2496 /* Pods-CustomKeyboard.debug.xcconfig */ = {isa = PBXFileReference; includeInIndex = 1; lastKnownFileType = text.xcconfig; name = "Pods-CustomKeyboard.debug.xcconfig"; path = "Target Support Files/Pods-CustomKeyboard/Pods-CustomKeyboard.debug.xcconfig"; sourceTree = "<group>"; };
		CE4D1D6629E69D7B00DF135A /* CustomInputView.swift */ = {isa = PBXFileReference; lastKnownFileType = sourcecode.swift; path = CustomInputView.swift; sourceTree = "<group>"; };
		CE4D1D6E29E6A3FD00DF135A /* CustomInputAccessoryView.swift */ = {isa = PBXFileReference; lastKnownFileType = sourcecode.swift; path = CustomInputAccessoryView.swift; sourceTree = "<group>"; };
		CE4D1D7029E9368B00DF135A /* ChatGPTHandler.swift */ = {isa = PBXFileReference; lastKnownFileType = sourcecode.swift; path = ChatGPTHandler.swift; sourceTree = "<group>"; };
		CE4D1D7229E936CF00DF135A /* ViewController.swift */ = {isa = PBXFileReference; lastKnownFileType = sourcecode.swift; path = ViewController.swift; sourceTree = "<group>"; };
		CE4D1D7429E936EC00DF135A /* APIManager.swift */ = {isa = PBXFileReference; lastKnownFileType = sourcecode.swift; path = APIManager.swift; sourceTree = "<group>"; };
		CE4D1D7729E9429D00DF135A /* Info.plist */ = {isa = PBXFileReference; lastKnownFileType = text.plist; path = Info.plist; sourceTree = "<group>"; };
		CEA4FA2529E534FA008E86EA /* GPTBoard.app */ = {isa = PBXFileReference; explicitFileType = wrapper.application; includeInIndex = 0; path = GPTBoard.app; sourceTree = BUILT_PRODUCTS_DIR; };
		CEA4FA2829E534FA008E86EA /* GPTBoardApp.swift */ = {isa = PBXFileReference; lastKnownFileType = sourcecode.swift; path = GPTBoardApp.swift; sourceTree = "<group>"; };
		CEA4FA2A29E534FA008E86EA /* ContentView.swift */ = {isa = PBXFileReference; lastKnownFileType = sourcecode.swift; path = ContentView.swift; sourceTree = "<group>"; };
		CEA4FA2C29E534FD008E86EA /* Assets.xcassets */ = {isa = PBXFileReference; lastKnownFileType = folder.assetcatalog; path = Assets.xcassets; sourceTree = "<group>"; };
		CEA4FA2F29E534FD008E86EA /* Preview Assets.xcassets */ = {isa = PBXFileReference; lastKnownFileType = folder.assetcatalog; path = "Preview Assets.xcassets"; sourceTree = "<group>"; };
		CEA4FA3529E534FD008E86EA /* GPTBoardTests.xctest */ = {isa = PBXFileReference; explicitFileType = wrapper.cfbundle; includeInIndex = 0; path = GPTBoardTests.xctest; sourceTree = BUILT_PRODUCTS_DIR; };
		CEA4FA3929E534FD008E86EA /* GPTBoardTests.swift */ = {isa = PBXFileReference; lastKnownFileType = sourcecode.swift; path = GPTBoardTests.swift; sourceTree = "<group>"; };
		CEA4FA3F29E534FE008E86EA /* GPTBoardUITests.xctest */ = {isa = PBXFileReference; explicitFileType = wrapper.cfbundle; includeInIndex = 0; path = GPTBoardUITests.xctest; sourceTree = BUILT_PRODUCTS_DIR; };
		CEA4FA4329E534FE008E86EA /* GPTBoardUITests.swift */ = {isa = PBXFileReference; lastKnownFileType = sourcecode.swift; path = GPTBoardUITests.swift; sourceTree = "<group>"; };
		CEA4FA4529E534FE008E86EA /* GPTBoardUITestsLaunchTests.swift */ = {isa = PBXFileReference; lastKnownFileType = sourcecode.swift; path = GPTBoardUITestsLaunchTests.swift; sourceTree = "<group>"; };
		CEA4FA5629E53552008E86EA /* CustomKeyboard.appex */ = {isa = PBXFileReference; explicitFileType = "wrapper.app-extension"; includeInIndex = 0; path = CustomKeyboard.appex; sourceTree = BUILT_PRODUCTS_DIR; };
		CEA4FA5829E53553008E86EA /* KeyboardViewController.swift */ = {isa = PBXFileReference; lastKnownFileType = sourcecode.swift; path = KeyboardViewController.swift; sourceTree = "<group>"; };
		CEA4FA5A29E53553008E86EA /* Info.plist */ = {isa = PBXFileReference; lastKnownFileType = text.plist.xml; path = Info.plist; sourceTree = "<group>"; };
		CEA4FA6229E5356E008E86EA /* CustomKeyboard.entitlements */ = {isa = PBXFileReference; lastKnownFileType = text.plist.entitlements; path = CustomKeyboard.entitlements; sourceTree = "<group>"; };
		CEA4FA6329E53578008E86EA /* GPTBoard.entitlements */ = {isa = PBXFileReference; lastKnownFileType = text.plist.entitlements; path = GPTBoard.entitlements; sourceTree = "<group>"; };
		CEA4FA6429E535D4008E86EA /* BackgroundTaskManager.swift */ = {isa = PBXFileReference; lastKnownFileType = sourcecode.swift; path = BackgroundTaskManager.swift; sourceTree = "<group>"; };
		CEA4FA6829E53621008E86EA /* SceneDelegate.swift */ = {isa = PBXFileReference; lastKnownFileType = sourcecode.swift; path = SceneDelegate.swift; sourceTree = "<group>"; };
		EFFADC88CC3C5FE59F91D06D /* Pods_GPTBoardTests.framework */ = {isa = PBXFileReference; explicitFileType = wrapper.framework; includeInIndex = 0; path = Pods_GPTBoardTests.framework; sourceTree = BUILT_PRODUCTS_DIR; };
/* End PBXFileReference section */

/* Begin PBXFrameworksBuildPhase section */
		CEA4FA2229E534FA008E86EA /* Frameworks */ = {
			isa = PBXFrameworksBuildPhase;
			buildActionMask = 2147483647;
			files = (
				1120A38F1C3DD7E7DF5E64F0 /* Pods_GPTBoard.framework in Frameworks */,
			);
			runOnlyForDeploymentPostprocessing = 0;
		};
		CEA4FA3229E534FD008E86EA /* Frameworks */ = {
			isa = PBXFrameworksBuildPhase;
			buildActionMask = 2147483647;
			files = (
				820CA984ACF69B2576E6F43F /* Pods_GPTBoardTests.framework in Frameworks */,
			);
			runOnlyForDeploymentPostprocessing = 0;
		};
		CEA4FA3C29E534FE008E86EA /* Frameworks */ = {
			isa = PBXFrameworksBuildPhase;
			buildActionMask = 2147483647;
			files = (
				EF9D3ABC99714E17767F42E5 /* Pods_GPTBoard_GPTBoardUITests.framework in Frameworks */,
			);
			runOnlyForDeploymentPostprocessing = 0;
		};
		CEA4FA5329E53552008E86EA /* Frameworks */ = {
			isa = PBXFrameworksBuildPhase;
			buildActionMask = 2147483647;
			files = (
				D9A5B748A7CEFAF537BEA182 /* Pods_CustomKeyboard.framework in Frameworks */,
			);
			runOnlyForDeploymentPostprocessing = 0;
		};
/* End PBXFrameworksBuildPhase section */

/* Begin PBXGroup section */
		4D3161AE68445EE47934CE2E /* Pods */ = {
			isa = PBXGroup;
			children = (
				CAFE10BB33BD54C4030D2496 /* Pods-CustomKeyboard.debug.xcconfig */,
				6BC8405C7F4EBC4E91C947EA /* Pods-CustomKeyboard.release.xcconfig */,
				9F789E5DEF9271FBC20A6B79 /* Pods-GPTBoard.debug.xcconfig */,
				865F5FA99FC79786FCEC6B78 /* Pods-GPTBoard.release.xcconfig */,
				B03D9586F6E1E3BDFFA05599 /* Pods-GPTBoard-GPTBoardUITests.debug.xcconfig */,
				5B33EB64DECE759F380F0F3D /* Pods-GPTBoard-GPTBoardUITests.release.xcconfig */,
				0646C54A0F817651153E2190 /* Pods-GPTBoardTests.debug.xcconfig */,
				061831172BB3C5B23912E3E1 /* Pods-GPTBoardTests.release.xcconfig */,
			);
			path = Pods;
			sourceTree = "<group>";
		};
		CEA4FA1C29E534FA008E86EA = {
			isa = PBXGroup;
			children = (
				CEA4FA2729E534FA008E86EA /* GPTBoard */,
				CEA4FA3829E534FD008E86EA /* GPTBoardTests */,
				CEA4FA4229E534FE008E86EA /* GPTBoardUITests */,
				CEA4FA5729E53553008E86EA /* CustomKeyboard */,
				CEA4FA2629E534FA008E86EA /* Products */,
				4D3161AE68445EE47934CE2E /* Pods */,
				FFFFE6D8598F33FD9819A955 /* Frameworks */,
			);
			sourceTree = "<group>";
		};
		CEA4FA2629E534FA008E86EA /* Products */ = {
			isa = PBXGroup;
			children = (
				CEA4FA2529E534FA008E86EA /* GPTBoard.app */,
				CEA4FA3529E534FD008E86EA /* GPTBoardTests.xctest */,
				CEA4FA3F29E534FE008E86EA /* GPTBoardUITests.xctest */,
				CEA4FA5629E53552008E86EA /* CustomKeyboard.appex */,
			);
			name = Products;
			sourceTree = "<group>";
		};
		CEA4FA2729E534FA008E86EA /* GPTBoard */ = {
			isa = PBXGroup;
			children = (
				CE4D1D7729E9429D00DF135A /* Info.plist */,
				CEA4FA6329E53578008E86EA /* GPTBoard.entitlements */,
				CEA4FA2829E534FA008E86EA /* GPTBoardApp.swift */,
				CEA4FA2A29E534FA008E86EA /* ContentView.swift */,
				CEA4FA2C29E534FD008E86EA /* Assets.xcassets */,
				CEA4FA2E29E534FD008E86EA /* Preview Content */,
				CEA4FA6429E535D4008E86EA /* BackgroundTaskManager.swift */,
				CE4D1D7029E9368B00DF135A /* ChatGPTHandler.swift */,
				CEA4FA6829E53621008E86EA /* SceneDelegate.swift */,
				CE4D1D7229E936CF00DF135A /* ViewController.swift */,
				CE4D1D7429E936EC00DF135A /* APIManager.swift */,
			);
			path = GPTBoard;
			sourceTree = "<group>";
		};
		CEA4FA2E29E534FD008E86EA /* Preview Content */ = {
			isa = PBXGroup;
			children = (
				CEA4FA2F29E534FD008E86EA /* Preview Assets.xcassets */,
			);
			path = "Preview Content";
			sourceTree = "<group>";
		};
		CEA4FA3829E534FD008E86EA /* GPTBoardTests */ = {
			isa = PBXGroup;
			children = (
				CEA4FA3929E534FD008E86EA /* GPTBoardTests.swift */,
			);
			path = GPTBoardTests;
			sourceTree = "<group>";
		};
		CEA4FA4229E534FE008E86EA /* GPTBoardUITests */ = {
			isa = PBXGroup;
			children = (
				CEA4FA4329E534FE008E86EA /* GPTBoardUITests.swift */,
				CEA4FA4529E534FE008E86EA /* GPTBoardUITestsLaunchTests.swift */,
			);
			path = GPTBoardUITests;
			sourceTree = "<group>";
		};
		CEA4FA5729E53553008E86EA /* CustomKeyboard */ = {
			isa = PBXGroup;
			children = (
				CEA4FA6229E5356E008E86EA /* CustomKeyboard.entitlements */,
				CEA4FA5829E53553008E86EA /* KeyboardViewController.swift */,
				CE4D1D6E29E6A3FD00DF135A /* CustomInputAccessoryView.swift */,
				CE4D1D6629E69D7B00DF135A /* CustomInputView.swift */,
				CEA4FA5A29E53553008E86EA /* Info.plist */,
			);
			path = CustomKeyboard;
			sourceTree = "<group>";
		};
		FFFFE6D8598F33FD9819A955 /* Frameworks */ = {
			isa = PBXGroup;
			children = (
				89C6AFCDAB7420B33810D2DB /* Pods_CustomKeyboard.framework */,
				31EB5495B4B8DC01B242C7ED /* Pods_GPTBoard.framework */,
				0FF98E28E7A881CEDBEFD58A /* Pods_GPTBoard_GPTBoardUITests.framework */,
				EFFADC88CC3C5FE59F91D06D /* Pods_GPTBoardTests.framework */,
			);
			name = Frameworks;
			sourceTree = "<group>";
		};
/* End PBXGroup section */

/* Begin PBXNativeTarget section */
		CEA4FA2429E534FA008E86EA /* GPTBoard */ = {
			isa = PBXNativeTarget;
			buildConfigurationList = CEA4FA4929E534FE008E86EA /* Build configuration list for PBXNativeTarget "GPTBoard" */;
			buildPhases = (
				5F16E0C1EF35575A7CEDAB29 /* [CP] Check Pods Manifest.lock */,
				CEA4FA2129E534FA008E86EA /* Sources */,
				CEA4FA2229E534FA008E86EA /* Frameworks */,
				CEA4FA2329E534FA008E86EA /* Resources */,
				CEA4FA6129E53554008E86EA /* Embed Foundation Extensions */,
				AFF31BA17184BB0FC8095421 /* [CP] Embed Pods Frameworks */,
			);
			buildRules = (
			);
			dependencies = (
				CEA4FA5C29E53553008E86EA /* PBXTargetDependency */,
			);
			name = GPTBoard;
			productName = GPTBoard;
			productReference = CEA4FA2529E534FA008E86EA /* GPTBoard.app */;
			productType = "com.apple.product-type.application";
		};
		CEA4FA3429E534FD008E86EA /* GPTBoardTests */ = {
			isa = PBXNativeTarget;
			buildConfigurationList = CEA4FA4C29E534FE008E86EA /* Build configuration list for PBXNativeTarget "GPTBoardTests" */;
			buildPhases = (
				E7E6793D2AFC2F8AE6A4B7EE /* [CP] Check Pods Manifest.lock */,
				CEA4FA3129E534FD008E86EA /* Sources */,
				CEA4FA3229E534FD008E86EA /* Frameworks */,
				CEA4FA3329E534FD008E86EA /* Resources */,
			);
			buildRules = (
			);
			dependencies = (
				CEA4FA3729E534FD008E86EA /* PBXTargetDependency */,
			);
			name = GPTBoardTests;
			productName = GPTBoardTests;
			productReference = CEA4FA3529E534FD008E86EA /* GPTBoardTests.xctest */;
			productType = "com.apple.product-type.bundle.unit-test";
		};
		CEA4FA3E29E534FE008E86EA /* GPTBoardUITests */ = {
			isa = PBXNativeTarget;
			buildConfigurationList = CEA4FA4F29E534FE008E86EA /* Build configuration list for PBXNativeTarget "GPTBoardUITests" */;
			buildPhases = (
				65513269FF40FE7D165D166A /* [CP] Check Pods Manifest.lock */,
				CEA4FA3B29E534FE008E86EA /* Sources */,
				CEA4FA3C29E534FE008E86EA /* Frameworks */,
				CEA4FA3D29E534FE008E86EA /* Resources */,
				5BE616AA5D4596F92F12CE80 /* [CP] Embed Pods Frameworks */,
			);
			buildRules = (
			);
			dependencies = (
				CEA4FA4129E534FE008E86EA /* PBXTargetDependency */,
			);
			name = GPTBoardUITests;
			productName = GPTBoardUITests;
			productReference = CEA4FA3F29E534FE008E86EA /* GPTBoardUITests.xctest */;
			productType = "com.apple.product-type.bundle.ui-testing";
		};
		CEA4FA5529E53552008E86EA /* CustomKeyboard */ = {
			isa = PBXNativeTarget;
			buildConfigurationList = CEA4FA5E29E53554008E86EA /* Build configuration list for PBXNativeTarget "CustomKeyboard" */;
			buildPhases = (
				2AA4D9CB4BEDC71B967F27BE /* [CP] Check Pods Manifest.lock */,
				CEA4FA5229E53552008E86EA /* Sources */,
				CEA4FA5329E53552008E86EA /* Frameworks */,
				CEA4FA5429E53552008E86EA /* Resources */,
			);
			buildRules = (
			);
			dependencies = (
			);
			name = CustomKeyboard;
			productName = CustomKeyboard;
			productReference = CEA4FA5629E53552008E86EA /* CustomKeyboard.appex */;
			productType = "com.apple.product-type.app-extension";
		};
/* End PBXNativeTarget section */

/* Begin PBXProject section */
		CEA4FA1D29E534FA008E86EA /* Project object */ = {
			isa = PBXProject;
			attributes = {
				BuildIndependentTargetsInParallel = 1;
				LastSwiftUpdateCheck = 1430;
				LastUpgradeCheck = 1430;
				TargetAttributes = {
					CEA4FA2429E534FA008E86EA = {
						CreatedOnToolsVersion = 14.3;
					};
					CEA4FA3429E534FD008E86EA = {
						CreatedOnToolsVersion = 14.3;
						TestTargetID = CEA4FA2429E534FA008E86EA;
					};
					CEA4FA3E29E534FE008E86EA = {
						CreatedOnToolsVersion = 14.3;
						TestTargetID = CEA4FA2429E534FA008E86EA;
					};
					CEA4FA5529E53552008E86EA = {
						CreatedOnToolsVersion = 14.3;
					};
				};
			};
			buildConfigurationList = CEA4FA2029E534FA008E86EA /* Build configuration list for PBXProject "GPTBoard" */;
			compatibilityVersion = "Xcode 13.0";
			developmentRegion = en;
			hasScannedForEncodings = 0;
			knownRegions = (
				en,
				Base,
			);
			mainGroup = CEA4FA1C29E534FA008E86EA;
			productRefGroup = CEA4FA2629E534FA008E86EA /* Products */;
			projectDirPath = "";
			projectRoot = "";
			targets = (
				CEA4FA2429E534FA008E86EA /* GPTBoard */,
				CEA4FA3429E534FD008E86EA /* GPTBoardTests */,
				CEA4FA3E29E534FE008E86EA /* GPTBoardUITests */,
				CEA4FA5529E53552008E86EA /* CustomKeyboard */,
			);
		};
/* End PBXProject section */

/* Begin PBXResourcesBuildPhase section */
		CEA4FA2329E534FA008E86EA /* Resources */ = {
			isa = PBXResourcesBuildPhase;
			buildActionMask = 2147483647;
			files = (
				CEA4FA3029E534FD008E86EA /* Preview Assets.xcassets in Resources */,
				CEA4FA2D29E534FD008E86EA /* Assets.xcassets in Resources */,
			);
			runOnlyForDeploymentPostprocessing = 0;
		};
		CEA4FA3329E534FD008E86EA /* Resources */ = {
			isa = PBXResourcesBuildPhase;
			buildActionMask = 2147483647;
			files = (
			);
			runOnlyForDeploymentPostprocessing = 0;
		};
		CEA4FA3D29E534FE008E86EA /* Resources */ = {
			isa = PBXResourcesBuildPhase;
			buildActionMask = 2147483647;
			files = (
			);
			runOnlyForDeploymentPostprocessing = 0;
		};
		CEA4FA5429E53552008E86EA /* Resources */ = {
			isa = PBXResourcesBuildPhase;
			buildActionMask = 2147483647;
			files = (
			);
			runOnlyForDeploymentPostprocessing = 0;
		};
/* End PBXResourcesBuildPhase section */

/* Begin PBXShellScriptBuildPhase section */
		2AA4D9CB4BEDC71B967F27BE /* [CP] Check Pods Manifest.lock */ = {
			isa = PBXShellScriptBuildPhase;
			buildActionMask = 2147483647;
			files = (
			);
			inputFileListPaths = (
			);
			inputPaths = (
				"${PODS_PODFILE_DIR_PATH}/Podfile.lock",
				"${PODS_ROOT}/Manifest.lock",
			);
			name = "[CP] Check Pods Manifest.lock";
			outputFileListPaths = (
			);
			outputPaths = (
				"$(DERIVED_FILE_DIR)/Pods-CustomKeyboard-checkManifestLockResult.txt",
			);
			runOnlyForDeploymentPostprocessing = 0;
			shellPath = /bin/sh;
			shellScript = "diff \"${PODS_PODFILE_DIR_PATH}/Podfile.lock\" \"${PODS_ROOT}/Manifest.lock\" > /dev/null\nif [ $? != 0 ] ; then\n    # print error to STDERR\n    echo \"error: The sandbox is not in sync with the Podfile.lock. Run 'pod install' or update your CocoaPods installation.\" >&2\n    exit 1\nfi\n# This output is used by Xcode 'outputs' to avoid re-running this script phase.\necho \"SUCCESS\" > \"${SCRIPT_OUTPUT_FILE_0}\"\n";
			showEnvVarsInLog = 0;
		};
		5BE616AA5D4596F92F12CE80 /* [CP] Embed Pods Frameworks */ = {
			isa = PBXShellScriptBuildPhase;
			buildActionMask = 2147483647;
			files = (
			);
			inputFileListPaths = (
				"${PODS_ROOT}/Target Support Files/Pods-GPTBoard-GPTBoardUITests/Pods-GPTBoard-GPTBoardUITests-frameworks-${CONFIGURATION}-input-files.xcfilelist",
			);
			name = "[CP] Embed Pods Frameworks";
			outputFileListPaths = (
				"${PODS_ROOT}/Target Support Files/Pods-GPTBoard-GPTBoardUITests/Pods-GPTBoard-GPTBoardUITests-frameworks-${CONFIGURATION}-output-files.xcfilelist",
			);
			runOnlyForDeploymentPostprocessing = 0;
			shellPath = /bin/sh;
			shellScript = "\"${PODS_ROOT}/Target Support Files/Pods-GPTBoard-GPTBoardUITests/Pods-GPTBoard-GPTBoardUITests-frameworks.sh\"\n";
			showEnvVarsInLog = 0;
		};
		5F16E0C1EF35575A7CEDAB29 /* [CP] Check Pods Manifest.lock */ = {
			isa = PBXShellScriptBuildPhase;
			buildActionMask = 2147483647;
			files = (
			);
			inputFileListPaths = (
			);
			inputPaths = (
				"${PODS_PODFILE_DIR_PATH}/Podfile.lock",
				"${PODS_ROOT}/Manifest.lock",
			);
			name = "[CP] Check Pods Manifest.lock";
			outputFileListPaths = (
			);
			outputPaths = (
				"$(DERIVED_FILE_DIR)/Pods-GPTBoard-checkManifestLockResult.txt",
			);
			runOnlyForDeploymentPostprocessing = 0;
			shellPath = /bin/sh;
			shellScript = "diff \"${PODS_PODFILE_DIR_PATH}/Podfile.lock\" \"${PODS_ROOT}/Manifest.lock\" > /dev/null\nif [ $? != 0 ] ; then\n    # print error to STDERR\n    echo \"error: The sandbox is not in sync with the Podfile.lock. Run 'pod install' or update your CocoaPods installation.\" >&2\n    exit 1\nfi\n# This output is used by Xcode 'outputs' to avoid re-running this script phase.\necho \"SUCCESS\" > \"${SCRIPT_OUTPUT_FILE_0}\"\n";
			showEnvVarsInLog = 0;
		};
		65513269FF40FE7D165D166A /* [CP] Check Pods Manifest.lock */ = {
			isa = PBXShellScriptBuildPhase;
			buildActionMask = 2147483647;
			files = (
			);
			inputFileListPaths = (
			);
			inputPaths = (
				"${PODS_PODFILE_DIR_PATH}/Podfile.lock",
				"${PODS_ROOT}/Manifest.lock",
			);
			name = "[CP] Check Pods Manifest.lock";
			outputFileListPaths = (
			);
			outputPaths = (
				"$(DERIVED_FILE_DIR)/Pods-GPTBoard-GPTBoardUITests-checkManifestLockResult.txt",
			);
			runOnlyForDeploymentPostprocessing = 0;
			shellPath = /bin/sh;
			shellScript = "diff \"${PODS_PODFILE_DIR_PATH}/Podfile.lock\" \"${PODS_ROOT}/Manifest.lock\" > /dev/null\nif [ $? != 0 ] ; then\n    # print error to STDERR\n    echo \"error: The sandbox is not in sync with the Podfile.lock. Run 'pod install' or update your CocoaPods installation.\" >&2\n    exit 1\nfi\n# This output is used by Xcode 'outputs' to avoid re-running this script phase.\necho \"SUCCESS\" > \"${SCRIPT_OUTPUT_FILE_0}\"\n";
			showEnvVarsInLog = 0;
		};
		AFF31BA17184BB0FC8095421 /* [CP] Embed Pods Frameworks */ = {
			isa = PBXShellScriptBuildPhase;
			buildActionMask = 2147483647;
			files = (
			);
			inputFileListPaths = (
				"${PODS_ROOT}/Target Support Files/Pods-GPTBoard/Pods-GPTBoard-frameworks-${CONFIGURATION}-input-files.xcfilelist",
			);
			name = "[CP] Embed Pods Frameworks";
			outputFileListPaths = (
				"${PODS_ROOT}/Target Support Files/Pods-GPTBoard/Pods-GPTBoard-frameworks-${CONFIGURATION}-output-files.xcfilelist",
			);
			runOnlyForDeploymentPostprocessing = 0;
			shellPath = /bin/sh;
			shellScript = "\"${PODS_ROOT}/Target Support Files/Pods-GPTBoard/Pods-GPTBoard-frameworks.sh\"\n";
			showEnvVarsInLog = 0;
		};
		E7E6793D2AFC2F8AE6A4B7EE /* [CP] Check Pods Manifest.lock */ = {
			isa = PBXShellScriptBuildPhase;
			buildActionMask = 2147483647;
			files = (
			);
			inputFileListPaths = (
			);
			inputPaths = (
				"${PODS_PODFILE_DIR_PATH}/Podfile.lock",
				"${PODS_ROOT}/Manifest.lock",
			);
			name = "[CP] Check Pods Manifest.lock";
			outputFileListPaths = (
			);
			outputPaths = (
				"$(DERIVED_FILE_DIR)/Pods-GPTBoardTests-checkManifestLockResult.txt",
			);
			runOnlyForDeploymentPostprocessing = 0;
			shellPath = /bin/sh;
			shellScript = "diff \"${PODS_PODFILE_DIR_PATH}/Podfile.lock\" \"${PODS_ROOT}/Manifest.lock\" > /dev/null\nif [ $? != 0 ] ; then\n    # print error to STDERR\n    echo \"error: The sandbox is not in sync with the Podfile.lock. Run 'pod install' or update your CocoaPods installation.\" >&2\n    exit 1\nfi\n# This output is used by Xcode 'outputs' to avoid re-running this script phase.\necho \"SUCCESS\" > \"${SCRIPT_OUTPUT_FILE_0}\"\n";
			showEnvVarsInLog = 0;
		};
/* End PBXShellScriptBuildPhase section */

/* Begin PBXSourcesBuildPhase section */
		CEA4FA2129E534FA008E86EA /* Sources */ = {
			isa = PBXSourcesBuildPhase;
			buildActionMask = 2147483647;
			files = (
				CE4D1D7329E936CF00DF135A /* ViewController.swift in Sources */,
				CEA4FA2B29E534FA008E86EA /* ContentView.swift in Sources */,
				CEA4FA6529E535D4008E86EA /* BackgroundTaskManager.swift in Sources */,
				CE4D1D7129E9368B00DF135A /* ChatGPTHandler.swift in Sources */,
				CEA4FA2929E534FA008E86EA /* GPTBoardApp.swift in Sources */,
				CEA4FA6929E53621008E86EA /* SceneDelegate.swift in Sources */,
				CE4D1D7529E936EC00DF135A /* APIManager.swift in Sources */,
			);
			runOnlyForDeploymentPostprocessing = 0;
		};
		CEA4FA3129E534FD008E86EA /* Sources */ = {
			isa = PBXSourcesBuildPhase;
			buildActionMask = 2147483647;
			files = (
				CEA4FA3A29E534FD008E86EA /* GPTBoardTests.swift in Sources */,
			);
			runOnlyForDeploymentPostprocessing = 0;
		};
		CEA4FA3B29E534FE008E86EA /* Sources */ = {
			isa = PBXSourcesBuildPhase;
			buildActionMask = 2147483647;
			files = (
				CEA4FA4629E534FE008E86EA /* GPTBoardUITestsLaunchTests.swift in Sources */,
				CEA4FA4429E534FE008E86EA /* GPTBoardUITests.swift in Sources */,
			);
			runOnlyForDeploymentPostprocessing = 0;
		};
		CEA4FA5229E53552008E86EA /* Sources */ = {
			isa = PBXSourcesBuildPhase;
			buildActionMask = 2147483647;
			files = (
				CE4D1D7629E9384600DF135A /* ChatGPTHandler.swift in Sources */,
				CE4D1D6729E69D7B00DF135A /* CustomInputView.swift in Sources */,
				CEA4FA5929E53553008E86EA /* KeyboardViewController.swift in Sources */,
				CE4D1D6F29E6A3FD00DF135A /* CustomInputAccessoryView.swift in Sources */,
			);
			runOnlyForDeploymentPostprocessing = 0;
		};
/* End PBXSourcesBuildPhase section */

/* Begin PBXTargetDependency section */
		CEA4FA3729E534FD008E86EA /* PBXTargetDependency */ = {
			isa = PBXTargetDependency;
			target = CEA4FA2429E534FA008E86EA /* GPTBoard */;
			targetProxy = CEA4FA3629E534FD008E86EA /* PBXContainerItemProxy */;
		};
		CEA4FA4129E534FE008E86EA /* PBXTargetDependency */ = {
			isa = PBXTargetDependency;
			target = CEA4FA2429E534FA008E86EA /* GPTBoard */;
			targetProxy = CEA4FA4029E534FE008E86EA /* PBXContainerItemProxy */;
		};
		CEA4FA5C29E53553008E86EA /* PBXTargetDependency */ = {
			isa = PBXTargetDependency;
			target = CEA4FA5529E53552008E86EA /* CustomKeyboard */;
			targetProxy = CEA4FA5B29E53553008E86EA /* PBXContainerItemProxy */;
		};
/* End PBXTargetDependency section */

/* Begin XCBuildConfiguration section */
		CEA4FA4729E534FE008E86EA /* Debug */ = {
			isa = XCBuildConfiguration;
			buildSettings = {
				ALWAYS_SEARCH_USER_PATHS = NO;
				CLANG_ANALYZER_NONNULL = YES;
				CLANG_ANALYZER_NUMBER_OBJECT_CONVERSION = YES_AGGRESSIVE;
				CLANG_CXX_LANGUAGE_STANDARD = "gnu++20";
				CLANG_ENABLE_MODULES = YES;
				CLANG_ENABLE_OBJC_ARC = YES;
				CLANG_ENABLE_OBJC_WEAK = YES;
				CLANG_WARN_BLOCK_CAPTURE_AUTORELEASING = YES;
				CLANG_WARN_BOOL_CONVERSION = YES;
				CLANG_WARN_COMMA = YES;
				CLANG_WARN_CONSTANT_CONVERSION = YES;
				CLANG_WARN_DEPRECATED_OBJC_IMPLEMENTATIONS = YES;
				CLANG_WARN_DIRECT_OBJC_ISA_USAGE = YES_ERROR;
				CLANG_WARN_DOCUMENTATION_COMMENTS = YES;
				CLANG_WARN_EMPTY_BODY = YES;
				CLANG_WARN_ENUM_CONVERSION = YES;
				CLANG_WARN_INFINITE_RECURSION = YES;
				CLANG_WARN_INT_CONVERSION = YES;
				CLANG_WARN_NON_LITERAL_NULL_CONVERSION = YES;
				CLANG_WARN_OBJC_IMPLICIT_RETAIN_SELF = YES;
				CLANG_WARN_OBJC_LITERAL_CONVERSION = YES;
				CLANG_WARN_OBJC_ROOT_CLASS = YES_ERROR;
				CLANG_WARN_QUOTED_INCLUDE_IN_FRAMEWORK_HEADER = YES;
				CLANG_WARN_RANGE_LOOP_ANALYSIS = YES;
				CLANG_WARN_STRICT_PROTOTYPES = YES;
				CLANG_WARN_SUSPICIOUS_MOVE = YES;
				CLANG_WARN_UNGUARDED_AVAILABILITY = YES_AGGRESSIVE;
				CLANG_WARN_UNREACHABLE_CODE = YES;
				CLANG_WARN__DUPLICATE_METHOD_MATCH = YES;
				COPY_PHASE_STRIP = NO;
				DEBUG_INFORMATION_FORMAT = dwarf;
				ENABLE_STRICT_OBJC_MSGSEND = YES;
				ENABLE_TESTABILITY = YES;
				GCC_C_LANGUAGE_STANDARD = gnu11;
				GCC_DYNAMIC_NO_PIC = NO;
				GCC_NO_COMMON_BLOCKS = YES;
				GCC_OPTIMIZATION_LEVEL = 0;
				GCC_PREPROCESSOR_DEFINITIONS = (
					"DEBUG=1",
					"$(inherited)",
				);
				GCC_WARN_64_TO_32_BIT_CONVERSION = YES;
				GCC_WARN_ABOUT_RETURN_TYPE = YES_ERROR;
				GCC_WARN_UNDECLARED_SELECTOR = YES;
				GCC_WARN_UNINITIALIZED_AUTOS = YES_AGGRESSIVE;
				GCC_WARN_UNUSED_FUNCTION = YES;
				GCC_WARN_UNUSED_VARIABLE = YES;
				IPHONEOS_DEPLOYMENT_TARGET = 14.0;
				MTL_ENABLE_DEBUG_INFO = INCLUDE_SOURCE;
				MTL_FAST_MATH = YES;
				ONLY_ACTIVE_ARCH = YES;
				SDKROOT = iphoneos;
				SWIFT_ACTIVE_COMPILATION_CONDITIONS = DEBUG;
				SWIFT_OPTIMIZATION_LEVEL = "-Onone";
			};
			name = Debug;
		};
		CEA4FA4829E534FE008E86EA /* Release */ = {
			isa = XCBuildConfiguration;
			buildSettings = {
				ALWAYS_SEARCH_USER_PATHS = NO;
				CLANG_ANALYZER_NONNULL = YES;
				CLANG_ANALYZER_NUMBER_OBJECT_CONVERSION = YES_AGGRESSIVE;
				CLANG_CXX_LANGUAGE_STANDARD = "gnu++20";
				CLANG_ENABLE_MODULES = YES;
				CLANG_ENABLE_OBJC_ARC = YES;
				CLANG_ENABLE_OBJC_WEAK = YES;
				CLANG_WARN_BLOCK_CAPTURE_AUTORELEASING = YES;
				CLANG_WARN_BOOL_CONVERSION = YES;
				CLANG_WARN_COMMA = YES;
				CLANG_WARN_CONSTANT_CONVERSION = YES;
				CLANG_WARN_DEPRECATED_OBJC_IMPLEMENTATIONS = YES;
				CLANG_WARN_DIRECT_OBJC_ISA_USAGE = YES_ERROR;
				CLANG_WARN_DOCUMENTATION_COMMENTS = YES;
				CLANG_WARN_EMPTY_BODY = YES;
				CLANG_WARN_ENUM_CONVERSION = YES;
				CLANG_WARN_INFINITE_RECURSION = YES;
				CLANG_WARN_INT_CONVERSION = YES;
				CLANG_WARN_NON_LITERAL_NULL_CONVERSION = YES;
				CLANG_WARN_OBJC_IMPLICIT_RETAIN_SELF = YES;
				CLANG_WARN_OBJC_LITERAL_CONVERSION = YES;
				CLANG_WARN_OBJC_ROOT_CLASS = YES_ERROR;
				CLANG_WARN_QUOTED_INCLUDE_IN_FRAMEWORK_HEADER = YES;
				CLANG_WARN_RANGE_LOOP_ANALYSIS = YES;
				CLANG_WARN_STRICT_PROTOTYPES = YES;
				CLANG_WARN_SUSPICIOUS_MOVE = YES;
				CLANG_WARN_UNGUARDED_AVAILABILITY = YES_AGGRESSIVE;
				CLANG_WARN_UNREACHABLE_CODE = YES;
				CLANG_WARN__DUPLICATE_METHOD_MATCH = YES;
				COPY_PHASE_STRIP = NO;
				DEBUG_INFORMATION_FORMAT = "dwarf-with-dsym";
				ENABLE_NS_ASSERTIONS = NO;
				ENABLE_STRICT_OBJC_MSGSEND = YES;
				GCC_C_LANGUAGE_STANDARD = gnu11;
				GCC_NO_COMMON_BLOCKS = YES;
				GCC_WARN_64_TO_32_BIT_CONVERSION = YES;
				GCC_WARN_ABOUT_RETURN_TYPE = YES_ERROR;
				GCC_WARN_UNDECLARED_SELECTOR = YES;
				GCC_WARN_UNINITIALIZED_AUTOS = YES_AGGRESSIVE;
				GCC_WARN_UNUSED_FUNCTION = YES;
				GCC_WARN_UNUSED_VARIABLE = YES;
				IPHONEOS_DEPLOYMENT_TARGET = 14.0;
				MTL_ENABLE_DEBUG_INFO = NO;
				MTL_FAST_MATH = YES;
				SDKROOT = iphoneos;
				SWIFT_COMPILATION_MODE = wholemodule;
				SWIFT_OPTIMIZATION_LEVEL = "-O";
				VALIDATE_PRODUCT = YES;
			};
			name = Release;
		};
		CEA4FA4A29E534FE008E86EA /* Debug */ = {
			isa = XCBuildConfiguration;
			baseConfigurationReference = 9F789E5DEF9271FBC20A6B79 /* Pods-GPTBoard.debug.xcconfig */;
			buildSettings = {
				ALWAYS_EMBED_SWIFT_STANDARD_LIBRARIES = YES;
				ASSETCATALOG_COMPILER_APPICON_NAME = AppIcon;
				ASSETCATALOG_COMPILER_GLOBAL_ACCENT_COLOR_NAME = AccentColor;
				CODE_SIGN_ENTITLEMENTS = GPTBoard/GPTBoard.entitlements;
				CODE_SIGN_STYLE = Automatic;
				CURRENT_PROJECT_VERSION = 1;
				DEVELOPMENT_ASSET_PATHS = "\"GPTBoard/Preview Content\"";
				DEVELOPMENT_TEAM = P7FG43WSCC;
				ENABLE_PREVIEWS = YES;
				GENERATE_INFOPLIST_FILE = YES;
				INFOPLIST_FILE = GPTBoard/Info.plist;
				INFOPLIST_KEY_UIApplicationSceneManifest_Generation = YES;
				INFOPLIST_KEY_UIApplicationSupportsIndirectInputEvents = YES;
				INFOPLIST_KEY_UILaunchScreen_Generation = YES;
				INFOPLIST_KEY_UISupportedInterfaceOrientations_iPad = "UIInterfaceOrientationPortrait UIInterfaceOrientationPortraitUpsideDown UIInterfaceOrientationLandscapeLeft UIInterfaceOrientationLandscapeRight";
				INFOPLIST_KEY_UISupportedInterfaceOrientations_iPhone = "UIInterfaceOrientationPortrait UIInterfaceOrientationLandscapeLeft UIInterfaceOrientationLandscapeRight";
				IPHONEOS_DEPLOYMENT_TARGET = 14.0;
				LD_RUNPATH_SEARCH_PATHS = (
					"$(inherited)",
					"@executable_path/Frameworks",
				);
				MARKETING_VERSION = 1.0;
				PRODUCT_BUNDLE_IDENTIFIER = com.mmcm.GPTBoard1;
				PRODUCT_NAME = "$(TARGET_NAME)";
				SWIFT_EMIT_LOC_STRINGS = YES;
				SWIFT_VERSION = 5.0;
				TARGETED_DEVICE_FAMILY = "1,2";
			};
			name = Debug;
		};
		CEA4FA4B29E534FE008E86EA /* Release */ = {
			isa = XCBuildConfiguration;
			baseConfigurationReference = 865F5FA99FC79786FCEC6B78 /* Pods-GPTBoard.release.xcconfig */;
			buildSettings = {
				ALWAYS_EMBED_SWIFT_STANDARD_LIBRARIES = YES;
				ASSETCATALOG_COMPILER_APPICON_NAME = AppIcon;
				ASSETCATALOG_COMPILER_GLOBAL_ACCENT_COLOR_NAME = AccentColor;
				CODE_SIGN_ENTITLEMENTS = GPTBoard/GPTBoard.entitlements;
				CODE_SIGN_STYLE = Automatic;
				CURRENT_PROJECT_VERSION = 1;
				DEVELOPMENT_ASSET_PATHS = "\"GPTBoard/Preview Content\"";
				DEVELOPMENT_TEAM = P7FG43WSCC;
				ENABLE_PREVIEWS = YES;
				GENERATE_INFOPLIST_FILE = YES;
				INFOPLIST_FILE = GPTBoard/Info.plist;
				INFOPLIST_KEY_UIApplicationSceneManifest_Generation = YES;
				INFOPLIST_KEY_UIApplicationSupportsIndirectInputEvents = YES;
				INFOPLIST_KEY_UILaunchScreen_Generation = YES;
				INFOPLIST_KEY_UISupportedInterfaceOrientations_iPad = "UIInterfaceOrientationPortrait UIInterfaceOrientationPortraitUpsideDown UIInterfaceOrientationLandscapeLeft UIInterfaceOrientationLandscapeRight";
				INFOPLIST_KEY_UISupportedInterfaceOrientations_iPhone = "UIInterfaceOrientationPortrait UIInterfaceOrientationLandscapeLeft UIInterfaceOrientationLandscapeRight";
				IPHONEOS_DEPLOYMENT_TARGET = 14.0;
				LD_RUNPATH_SEARCH_PATHS = (
					"$(inherited)",
					"@executable_path/Frameworks",
				);
				MARKETING_VERSION = 1.0;
				PRODUCT_BUNDLE_IDENTIFIER = com.mmcm.GPTBoard1;
				PRODUCT_NAME = "$(TARGET_NAME)";
				SWIFT_EMIT_LOC_STRINGS = YES;
				SWIFT_VERSION = 5.0;
				TARGETED_DEVICE_FAMILY = "1,2";
			};
			name = Release;
		};
		CEA4FA4D29E534FE008E86EA /* Debug */ = {
			isa = XCBuildConfiguration;
			baseConfigurationReference = 0646C54A0F817651153E2190 /* Pods-GPTBoardTests.debug.xcconfig */;
			buildSettings = {
				ALWAYS_EMBED_SWIFT_STANDARD_LIBRARIES = YES;
				BUNDLE_LOADER = "$(TEST_HOST)";
				CODE_SIGN_STYLE = Automatic;
				CURRENT_PROJECT_VERSION = 1;
				DEVELOPMENT_TEAM = T4FCT5H8Z5;
				GENERATE_INFOPLIST_FILE = YES;
				IPHONEOS_DEPLOYMENT_TARGET = 16.4;
				MARKETING_VERSION = 1.0;
				PRODUCT_BUNDLE_IDENTIFIER = com.mmcm.GPTBoardTests;
				PRODUCT_NAME = "$(TARGET_NAME)";
				SWIFT_EMIT_LOC_STRINGS = NO;
				SWIFT_VERSION = 5.0;
				TARGETED_DEVICE_FAMILY = "1,2";
				TEST_HOST = "$(BUILT_PRODUCTS_DIR)/GPTBoard.app/$(BUNDLE_EXECUTABLE_FOLDER_PATH)/GPTBoard";
			};
			name = Debug;
		};
		CEA4FA4E29E534FE008E86EA /* Release */ = {
			isa = XCBuildConfiguration;
			baseConfigurationReference = 061831172BB3C5B23912E3E1 /* Pods-GPTBoardTests.release.xcconfig */;
			buildSettings = {
				ALWAYS_EMBED_SWIFT_STANDARD_LIBRARIES = YES;
				BUNDLE_LOADER = "$(TEST_HOST)";
				CODE_SIGN_STYLE = Automatic;
				CURRENT_PROJECT_VERSION = 1;
				DEVELOPMENT_TEAM = T4FCT5H8Z5;
				GENERATE_INFOPLIST_FILE = YES;
				IPHONEOS_DEPLOYMENT_TARGET = 16.4;
				MARKETING_VERSION = 1.0;
				PRODUCT_BUNDLE_IDENTIFIER = com.mmcm.GPTBoardTests;
				PRODUCT_NAME = "$(TARGET_NAME)";
				SWIFT_EMIT_LOC_STRINGS = NO;
				SWIFT_VERSION = 5.0;
				TARGETED_DEVICE_FAMILY = "1,2";
				TEST_HOST = "$(BUILT_PRODUCTS_DIR)/GPTBoard.app/$(BUNDLE_EXECUTABLE_FOLDER_PATH)/GPTBoard";
			};
			name = Release;
		};
		CEA4FA5029E534FE008E86EA /* Debug */ = {
			isa = XCBuildConfiguration;
			baseConfigurationReference = B03D9586F6E1E3BDFFA05599 /* Pods-GPTBoard-GPTBoardUITests.debug.xcconfig */;
			buildSettings = {
				ALWAYS_EMBED_SWIFT_STANDARD_LIBRARIES = YES;
				CODE_SIGN_STYLE = Automatic;
				CURRENT_PROJECT_VERSION = 1;
				DEVELOPMENT_TEAM = T4FCT5H8Z5;
				GENERATE_INFOPLIST_FILE = YES;
				MARKETING_VERSION = 1.0;
				PRODUCT_BUNDLE_IDENTIFIER = com.mmcm.GPTBoardUITests;
				PRODUCT_NAME = "$(TARGET_NAME)";
				SWIFT_EMIT_LOC_STRINGS = NO;
				SWIFT_VERSION = 5.0;
				TARGETED_DEVICE_FAMILY = "1,2";
				TEST_TARGET_NAME = GPTBoard;
			};
			name = Debug;
		};
		CEA4FA5129E534FE008E86EA /* Release */ = {
			isa = XCBuildConfiguration;
			baseConfigurationReference = 5B33EB64DECE759F380F0F3D /* Pods-GPTBoard-GPTBoardUITests.release.xcconfig */;
			buildSettings = {
				ALWAYS_EMBED_SWIFT_STANDARD_LIBRARIES = YES;
				CODE_SIGN_STYLE = Automatic;
				CURRENT_PROJECT_VERSION = 1;
				DEVELOPMENT_TEAM = T4FCT5H8Z5;
				GENERATE_INFOPLIST_FILE = YES;
				MARKETING_VERSION = 1.0;
				PRODUCT_BUNDLE_IDENTIFIER = com.mmcm.GPTBoardUITests;
				PRODUCT_NAME = "$(TARGET_NAME)";
				SWIFT_EMIT_LOC_STRINGS = NO;
				SWIFT_VERSION = 5.0;
				TARGETED_DEVICE_FAMILY = "1,2";
				TEST_TARGET_NAME = GPTBoard;
			};
			name = Release;
		};
		CEA4FA5F29E53554008E86EA /* Debug */ = {
			isa = XCBuildConfiguration;
			baseConfigurationReference = CAFE10BB33BD54C4030D2496 /* Pods-CustomKeyboard.debug.xcconfig */;
			buildSettings = {
				CODE_SIGN_ENTITLEMENTS = CustomKeyboard/CustomKeyboard.entitlements;
				CODE_SIGN_STYLE = Automatic;
				CURRENT_PROJECT_VERSION = 1;
				DEVELOPMENT_TEAM = P7FG43WSCC;
				GENERATE_INFOPLIST_FILE = YES;
				INFOPLIST_FILE = CustomKeyboard/Info.plist;
				INFOPLIST_KEY_CFBundleDisplayName = CustomKeyboard;
				INFOPLIST_KEY_NSHumanReadableCopyright = "";
				IPHONEOS_DEPLOYMENT_TARGET = 14.0;
				LD_RUNPATH_SEARCH_PATHS = (
					"$(inherited)",
					"@executable_path/Frameworks",
					"@executable_path/../../Frameworks",
				);
				MARKETING_VERSION = 1.0;
				PRODUCT_BUNDLE_IDENTIFIER = com.mmcm.GPTBoard1.CustomKeyboard;
				PRODUCT_NAME = "$(TARGET_NAME)";
				SKIP_INSTALL = YES;
				SWIFT_EMIT_LOC_STRINGS = YES;
				SWIFT_VERSION = 5.0;
				TARGETED_DEVICE_FAMILY = "1,2";
			};
			name = Debug;
		};
		CEA4FA6029E53554008E86EA /* Release */ = {
			isa = XCBuildConfiguration;
			baseConfigurationReference = 6BC8405C7F4EBC4E91C947EA /* Pods-CustomKeyboard.release.xcconfig */;
			buildSettings = {
				CODE_SIGN_ENTITLEMENTS = CustomKeyboard/CustomKeyboard.entitlements;
				CODE_SIGN_STYLE = Automatic;
				CURRENT_PROJECT_VERSION = 1;
				DEVELOPMENT_TEAM = P7FG43WSCC;
				GENERATE_INFOPLIST_FILE = YES;
				INFOPLIST_FILE = CustomKeyboard/Info.plist;
				INFOPLIST_KEY_CFBundleDisplayName = CustomKeyboard;
				INFOPLIST_KEY_NSHumanReadableCopyright = "";
				IPHONEOS_DEPLOYMENT_TARGET = 14.0;
				LD_RUNPATH_SEARCH_PATHS = (
					"$(inherited)",
					"@executable_path/Frameworks",
					"@executable_path/../../Frameworks",
				);
				MARKETING_VERSION = 1.0;
				PRODUCT_BUNDLE_IDENTIFIER = com.mmcm.GPTBoard1.CustomKeyboard;
				PRODUCT_NAME = "$(TARGET_NAME)";
				SKIP_INSTALL = YES;
				SWIFT_EMIT_LOC_STRINGS = YES;
				SWIFT_VERSION = 5.0;
				TARGETED_DEVICE_FAMILY = "1,2";
			};
			name = Release;
		};
/* End XCBuildConfiguration section */

/* Begin XCConfigurationList section */
		CEA4FA2029E534FA008E86EA /* Build configuration list for PBXProject "GPTBoard" */ = {
			isa = XCConfigurationList;
			buildConfigurations = (
				CEA4FA4729E534FE008E86EA /* Debug */,
				CEA4FA4829E534FE008E86EA /* Release */,
			);
			defaultConfigurationIsVisible = 0;
			defaultConfigurationName = Release;
		};
		CEA4FA4929E534FE008E86EA /* Build configuration list for PBXNativeTarget "GPTBoard" */ = {
			isa = XCConfigurationList;
			buildConfigurations = (
				CEA4FA4A29E534FE008E86EA /* Debug */,
				CEA4FA4B29E534FE008E86EA /* Release */,
			);
			defaultConfigurationIsVisible = 0;
			defaultConfigurationName = Release;
		};
		CEA4FA4C29E534FE008E86EA /* Build configuration list for PBXNativeTarget "GPTBoardTests" */ = {
			isa = XCConfigurationList;
			buildConfigurations = (
				CEA4FA4D29E534FE008E86EA /* Debug */,
				CEA4FA4E29E534FE008E86EA /* Release */,
			);
			defaultConfigurationIsVisible = 0;
			defaultConfigurationName = Release;
		};
		CEA4FA4F29E534FE008E86EA /* Build configuration list for PBXNativeTarget "GPTBoardUITests" */ = {
			isa = XCConfigurationList;
			buildConfigurations = (
				CEA4FA5029E534FE008E86EA /* Debug */,
				CEA4FA5129E534FE008E86EA /* Release */,
			);
			defaultConfigurationIsVisible = 0;
			defaultConfigurationName = Release;
		};
		CEA4FA5E29E53554008E86EA /* Build configuration list for PBXNativeTarget "CustomKeyboard" */ = {
			isa = XCConfigurationList;
			buildConfigurations = (
				CEA4FA5F29E53554008E86EA /* Debug */,
				CEA4FA6029E53554008E86EA /* Release */,
			);
			defaultConfigurationIsVisible = 0;
			defaultConfigurationName = Release;
		};
/* End XCConfigurationList section */
	};
	rootObject = CEA4FA1D29E534FA008E86EA /* Project object */;
}
